
Microsoft Visual Studio Solution File, Format Version 12.00
# Visual Studio 2012
Project("{FAE04EC0-301F-11D3-BF4B-00C04F79EFBC}") = "UpverterToOSHPark", "UpverterToOSHPark\UpverterToOSHPark.csproj", "{FE8F6F2E-893F-4E1A-92FC-7D33E1B0AC1A}"
EndProject
Global
	GlobalSection(SolutionConfigurationPlatforms) = preSolution
		Debug|Any CPU = Debug|Any CPU
		Release|Any CPU = Release|Any CPU
	EndGlobalSection
	GlobalSection(ProjectConfigurationPlatforms) = postSolution
		{FE8F6F2E-893F-4E1A-92FC-7D33E1B0AC1A}.Debug|Any CPU.ActiveCfg = Debug|Any CPU
		{FE8F6F2E-893F-4E1A-92FC-7D33E1B0AC1A}.Debug|Any CPU.Build.0 = Debug|Any CPU
		{FE8F6F2E-893F-4E1A-92FC-7D33E1B0AC1A}.Release|Any CPU.ActiveCfg = Release|Any CPU
		{FE8F6F2E-893F-4E1A-92FC-7D33E1B0AC1A}.Release|Any CPU.Build.0 = Release|Any CPU
	EndGlobalSection
	GlobalSection(SolutionProperties) = preSolution
		HideSolutionNode = FALSE
	EndGlobalSection
EndGlobal
